
Microsoft Visual Studio Solution File, Format Version 12.00
# Visual Studio 15
VisualStudioVersion = 15.0.26124.0
MinimumVisualStudioVersion = 15.0.26124.0
Project("{FAE04EC0-301F-11D3-BF4B-00C04F79EFBC}") = "qnb.api", "qnb.api\qnb.api.csproj", "{3A148CA1-01B1-47AB-BB8D-56F064A7177D}"
EndProject
Project("{FAE04EC0-301F-11D3-BF4B-00C04F79EFBC}") = "qnb.data", "qnb.data\qnb.data.csproj", "{5E78C19D-0DB8-4629-9124-8390970320A6}"
EndProject
Project("{FAE04EC0-301F-11D3-BF4B-00C04F79EFBC}") = "qnb.repository", "qnb.repository\qnb.repository.csproj", "{FCFAD415-123B-4C2D-A2EB-3CC1D407CF2B}"
EndProject
Global
	GlobalSection(SolutionConfigurationPlatforms) = preSolution
		Debug|Any CPU = Debug|Any CPU
		Debug|x64 = Debug|x64
		Debug|x86 = Debug|x86
		Release|Any CPU = Release|Any CPU
		Release|x64 = Release|x64
		Release|x86 = Release|x86
	EndGlobalSection
	GlobalSection(SolutionProperties) = preSolution
		HideSolutionNode = FALSE
	EndGlobalSection
	GlobalSection(ProjectConfigurationPlatforms) = postSolution
		{3A148CA1-01B1-47AB-BB8D-56F064A7177D}.Debug|Any CPU.ActiveCfg = Debug|Any CPU
		{3A148CA1-01B1-47AB-BB8D-56F064A7177D}.Debug|Any CPU.Build.0 = Debug|Any CPU
		{3A148CA1-01B1-47AB-BB8D-56F064A7177D}.Debug|x64.ActiveCfg = Debug|Any CPU
		{3A148CA1-01B1-47AB-BB8D-56F064A7177D}.Debug|x64.Build.0 = Debug|Any CPU
		{3A148CA1-01B1-47AB-BB8D-56F064A7177D}.Debug|x86.ActiveCfg = Debug|Any CPU
		{3A148CA1-01B1-47AB-BB8D-56F064A7177D}.Debug|x86.Build.0 = Debug|Any CPU
		{3A148CA1-01B1-47AB-BB8D-56F064A7177D}.Release|Any CPU.ActiveCfg = Release|Any CPU
		{3A148CA1-01B1-47AB-BB8D-56F064A7177D}.Release|Any CPU.Build.0 = Release|Any CPU
		{3A148CA1-01B1-47AB-BB8D-56F064A7177D}.Release|x64.ActiveCfg = Release|Any CPU
		{3A148CA1-01B1-47AB-BB8D-56F064A7177D}.Release|x64.Build.0 = Release|Any CPU
		{3A148CA1-01B1-47AB-BB8D-56F064A7177D}.Release|x86.ActiveCfg = Release|Any CPU
		{3A148CA1-01B1-47AB-BB8D-56F064A7177D}.Release|x86.Build.0 = Release|Any CPU
		{5E78C19D-0DB8-4629-9124-8390970320A6}.Debug|Any CPU.ActiveCfg = Debug|Any CPU
		{5E78C19D-0DB8-4629-9124-8390970320A6}.Debug|Any CPU.Build.0 = Debug|Any CPU
		{5E78C19D-0DB8-4629-9124-8390970320A6}.Debug|x64.ActiveCfg = Debug|Any CPU
		{5E78C19D-0DB8-4629-9124-8390970320A6}.Debug|x64.Build.0 = Debug|Any CPU
		{5E78C19D-0DB8-4629-9124-8390970320A6}.Debug|x86.ActiveCfg = Debug|Any CPU
		{5E78C19D-0DB8-4629-9124-8390970320A6}.Debug|x86.Build.0 = Debug|Any CPU
		{5E78C19D-0DB8-4629-9124-8390970320A6}.Release|Any CPU.ActiveCfg = Release|Any CPU
		{5E78C19D-0DB8-4629-9124-8390970320A6}.Release|Any CPU.Build.0 = Release|Any CPU
		{5E78C19D-0DB8-4629-9124-8390970320A6}.Release|x64.ActiveCfg = Release|Any CPU
		{5E78C19D-0DB8-4629-9124-8390970320A6}.Release|x64.Build.0 = Release|Any CPU
		{5E78C19D-0DB8-4629-9124-8390970320A6}.Release|x86.ActiveCfg = Release|Any CPU
		{5E78C19D-0DB8-4629-9124-8390970320A6}.Release|x86.Build.0 = Release|Any CPU
		{FCFAD415-123B-4C2D-A2EB-3CC1D407CF2B}.Debug|Any CPU.ActiveCfg = Debug|Any CPU
		{FCFAD415-123B-4C2D-A2EB-3CC1D407CF2B}.Debug|Any CPU.Build.0 = Debug|Any CPU
		{FCFAD415-123B-4C2D-A2EB-3CC1D407CF2B}.Debug|x64.ActiveCfg = Debug|Any CPU
		{FCFAD415-123B-4C2D-A2EB-3CC1D407CF2B}.Debug|x64.Build.0 = Debug|Any CPU
		{FCFAD415-123B-4C2D-A2EB-3CC1D407CF2B}.Debug|x86.ActiveCfg = Debug|Any CPU
		{FCFAD415-123B-4C2D-A2EB-3CC1D407CF2B}.Debug|x86.Build.0 = Debug|Any CPU
		{FCFAD415-123B-4C2D-A2EB-3CC1D407CF2B}.Release|Any CPU.ActiveCfg = Release|Any CPU
		{FCFAD415-123B-4C2D-A2EB-3CC1D407CF2B}.Release|Any CPU.Build.0 = Release|Any CPU
		{FCFAD415-123B-4C2D-A2EB-3CC1D407CF2B}.Release|x64.ActiveCfg = Release|Any CPU
		{FCFAD415-123B-4C2D-A2EB-3CC1D407CF2B}.Release|x64.Build.0 = Release|Any CPU
		{FCFAD415-123B-4C2D-A2EB-3CC1D407CF2B}.Release|x86.ActiveCfg = Release|Any CPU
		{FCFAD415-123B-4C2D-A2EB-3CC1D407CF2B}.Release|x86.Build.0 = Release|Any CPU
	EndGlobalSection
EndGlobal
